
Microsoft Visual Studio Solution File, Format Version 12.00
# Visual Studio Version 17
VisualStudioVersion = 17.2.32516.85
MinimumVisualStudioVersion = 10.0.40219.1
Project("{FAE04EC0-301F-11D3-BF4B-00C04F79EFBC}") = "AppInterfaces", "AppInterfaces\AppInterfaces.csproj", "{898A2152-DC4A-4875-B5F9-8BC564298FF0}"
EndProject
Global
	GlobalSection(SolutionConfigurationPlatforms) = preSolution
		Debug|Any CPU = Debug|Any CPU
		Release|Any CPU = Release|Any CPU
	EndGlobalSection
	GlobalSection(ProjectConfigurationPlatforms) = postSolution
		{898A2152-DC4A-4875-B5F9-8BC564298FF0}.Debug|Any CPU.ActiveCfg = Debug|Any CPU
		{898A2152-DC4A-4875-B5F9-8BC564298FF0}.Debug|Any CPU.Build.0 = Debug|Any CPU
		{898A2152-DC4A-4875-B5F9-8BC564298FF0}.Release|Any CPU.ActiveCfg = Release|Any CPU
		{898A2152-DC4A-4875-B5F9-8BC564298FF0}.Release|Any CPU.Build.0 = Release|Any CPU
	EndGlobalSection
	GlobalSection(SolutionProperties) = preSolution
		HideSolutionNode = FALSE
	EndGlobalSection
	GlobalSection(ExtensibilityGlobals) = postSolution
		SolutionGuid = {7148A211-0AB6-4CAE-BEE2-4FAE07C3342C}
	EndGlobalSection
EndGlobal
